{
  "pins" : [
    {
      "identity" : "logfmt",
      "kind" : "remoteSourceControl",
      "location" : "https://github.com/adamwulf/Logfmt",
      "state" : {
        "branch" : "main",
        "revision" : "a6d6eb29177f65f3e252610a2176d318026d634c"
      }
    },
    {
      "identity" : "swift-argument-parser",
      "kind" : "remoteSourceControl",
      "location" : "https://github.com/apple/swift-argument-parser",
      "state" : {
        "revision" : "626b5b7b2f45e1b0b1c6f4a309296d1d21d7311b",
        "version" : "1.7.1"
      }
    },
    {
      "identity" : "swift-log",
      "kind" : "remoteSourceControl",
      "location" : "https://github.com/apple/swift-log.git",
      "state" : {
        "revision" : "5073617dac96330a486245e4c0179cb0a6fd2256",
        "version" : "1.12.0"
      }
    },
    {
      "identity" : "swifttoolbox",
      "kind" : "remoteSourceControl",
      "location" : "https://github.com/adamwulf/SwiftToolbox",
      "state" : {
        "branch" : "main",
        "revision" : "48432fcd304cd6acc0fc1fe4b497f61a72f80132"
      }
    },
    {
      "identity" : "ytt",
      "kind" : "remoteSourceControl",
      "location" : "https://github.com/adamwulf/ytt",
      "state" : {
        "branch" : "main",
        "revision" : "87260b9d0c598dfe1274bc3598bb98cf1a55159f"
      }
    }
  ],
  "version" : 2
}
