// !$*UTF8*$!
{
	archiveVersion = 1;
	classes = {
	};
	objectVersion = 54;
	objects = {

/* Begin PBXBuildFile section */
		C55BC2332654D46000674275 /* Hunch.swift in Sources */ = {isa = PBXBuildFile; fileRef = C55BC2322654D46000674275 /* Hunch.swift */; };
		C55BC23B2654D4F500674275 /* ArgumentParser in Frameworks */ = {isa = PBXBuildFile; productRef = C55BC23A2654D4F500674275 /* ArgumentParser */; };
		C55BC2442654DF6F00674275 /* Model.swift in Sources */ = {isa = PBXBuildFile; fileRef = C55BC2432654DF6F00674275 /* Model.swift */; };
		C55BC2462654DFE000674275 /* NotionAPI.swift in Sources */ = {isa = PBXBuildFile; fileRef = C55BC2452654DFE000674275 /* NotionAPI.swift */; };
		C55BC2482654E07300674275 /* URLSession+Extensions.swift in Sources */ = {isa = PBXBuildFile; fileRef = C55BC2472654E07300674275 /* URLSession+Extensions.swift */; };
		C560BF732C856EC8000DA468 /* Hunch+Markdown.swift in Sources */ = {isa = PBXBuildFile; fileRef = C560BF722C856EC8000DA468 /* Hunch+Markdown.swift */; };
		C5DAB59A2C27E98C007BA0E8 /* Logging.swift in Sources */ = {isa = PBXBuildFile; fileRef = C5DAB5992C27E98C007BA0E8 /* Logging.swift */; };
		C5DAB59E2C291A34007BA0E8 /* Database.swift in Sources */ = {isa = PBXBuildFile; fileRef = C5DAB59D2C291A34007BA0E8 /* Database.swift */; };
		C5DAB5A02C291A39007BA0E8 /* Page.swift in Sources */ = {isa = PBXBuildFile; fileRef = C5DAB59F2C291A39007BA0E8 /* Page.swift */; };
		C5DAB5A22C291C33007BA0E8 /* Blocks.swift in Sources */ = {isa = PBXBuildFile; fileRef = C5DAB5A12C291C33007BA0E8 /* Blocks.swift */; };
		C5F8C9E62C0FA5EB004F2B68 /* SwiftToolbox in Frameworks */ = {isa = PBXBuildFile; productRef = C5F8C9E52C0FA5EB004F2B68 /* SwiftToolbox */; };
/* End PBXBuildFile section */

/* Begin PBXCopyFilesBuildPhase section */
		C55BC22D2654D46000674275 /* CopyFiles */ = {
			isa = PBXCopyFilesBuildPhase;
			buildActionMask = 2147483647;
			dstPath = /usr/share/man/man1/;
			dstSubfolderSpec = 0;
			files = (
			);
			runOnlyForDeploymentPostprocessing = 1;
		};
/* End PBXCopyFilesBuildPhase section */

/* Begin PBXFileReference section */
		C55BC22F2654D46000674275 /* hunch */ = {isa = PBXFileReference; explicitFileType = "compiled.mach-o.executable"; includeInIndex = 0; path = hunch; sourceTree = BUILT_PRODUCTS_DIR; };
		C55BC2322654D46000674275 /* Hunch.swift */ = {isa = PBXFileReference; lastKnownFileType = sourcecode.swift; path = Hunch.swift; sourceTree = "<group>"; };
		C55BC2432654DF6F00674275 /* Model.swift */ = {isa = PBXFileReference; lastKnownFileType = sourcecode.swift; path = Model.swift; sourceTree = "<group>"; };
		C55BC2452654DFE000674275 /* NotionAPI.swift */ = {isa = PBXFileReference; lastKnownFileType = sourcecode.swift; path = NotionAPI.swift; sourceTree = "<group>"; };
		C55BC2472654E07300674275 /* URLSession+Extensions.swift */ = {isa = PBXFileReference; lastKnownFileType = sourcecode.swift; path = "URLSession+Extensions.swift"; sourceTree = "<group>"; };
		C560BF722C856EC8000DA468 /* Hunch+Markdown.swift */ = {isa = PBXFileReference; lastKnownFileType = sourcecode.swift; path = "Hunch+Markdown.swift"; sourceTree = "<group>"; };
		C5DAB5992C27E98C007BA0E8 /* Logging.swift */ = {isa = PBXFileReference; lastKnownFileType = sourcecode.swift; path = Logging.swift; sourceTree = "<group>"; };
		C5DAB59B2C291A1A007BA0E8 /* dothislater.txt */ = {isa = PBXFileReference; lastKnownFileType = text; path = dothislater.txt; sourceTree = "<group>"; };
		C5DAB59D2C291A34007BA0E8 /* Database.swift */ = {isa = PBXFileReference; lastKnownFileType = sourcecode.swift; path = Database.swift; sourceTree = "<group>"; };
		C5DAB59F2C291A39007BA0E8 /* Page.swift */ = {isa = PBXFileReference; lastKnownFileType = sourcecode.swift; path = Page.swift; sourceTree = "<group>"; };
		C5DAB5A12C291C33007BA0E8 /* Blocks.swift */ = {isa = PBXFileReference; lastKnownFileType = sourcecode.swift; path = Blocks.swift; sourceTree = "<group>"; };
		C5F8C9EA2C0FBD18004F2B68 /* Icon.png */ = {isa = PBXFileReference; lastKnownFileType = image.png; path = Icon.png; sourceTree = "<group>"; };
/* End PBXFileReference section */

/* Begin PBXFrameworksBuildPhase section */
		C55BC22C2654D46000674275 /* Frameworks */ = {
			isa = PBXFrameworksBuildPhase;
			buildActionMask = 2147483647;
			files = (
				C5F8C9E62C0FA5EB004F2B68 /* SwiftToolbox in Frameworks */,
				C55BC23B2654D4F500674275 /* ArgumentParser in Frameworks */,
			);
			runOnlyForDeploymentPostprocessing = 0;
		};
/* End PBXFrameworksBuildPhase section */

/* Begin PBXGroup section */
		C55BC2262654D46000674275 = {
			isa = PBXGroup;
			children = (
				C55BC2312654D46000674275 /* hunch */,
				C55BC2302654D46000674275 /* Products */,
			);
			sourceTree = "<group>";
		};
		C55BC2302654D46000674275 /* Products */ = {
			isa = PBXGroup;
			children = (
				C55BC22F2654D46000674275 /* hunch */,
			);
			name = Products;
			sourceTree = "<group>";
		};
		C55BC2312654D46000674275 /* hunch */ = {
			isa = PBXGroup;
			children = (
				C5F8C9EA2C0FBD18004F2B68 /* Icon.png */,
				C55BC2432654DF6F00674275 /* Model.swift */,
				C55BC2452654DFE000674275 /* NotionAPI.swift */,
				C55BC2322654D46000674275 /* Hunch.swift */,
				C560BF722C856EC8000DA468 /* Hunch+Markdown.swift */,
				C5DAB59C2C291A27007BA0E8 /* Commands */,
				C5DAB59B2C291A1A007BA0E8 /* dothislater.txt */,
				C5DAB5992C27E98C007BA0E8 /* Logging.swift */,
				C55BC2472654E07300674275 /* URLSession+Extensions.swift */,
			);
			path = hunch;
			sourceTree = "<group>";
		};
		C5DAB59C2C291A27007BA0E8 /* Commands */ = {
			isa = PBXGroup;
			children = (
				C5DAB59D2C291A34007BA0E8 /* Database.swift */,
				C5DAB59F2C291A39007BA0E8 /* Page.swift */,
				C5DAB5A12C291C33007BA0E8 /* Blocks.swift */,
			);
			path = Commands;
			sourceTree = "<group>";
		};
/* End PBXGroup section */

/* Begin PBXNativeTarget section */
		C55BC22E2654D46000674275 /* hunch */ = {
			isa = PBXNativeTarget;
			buildConfigurationList = C55BC2362654D46000674275 /* Build configuration list for PBXNativeTarget "hunch" */;
			buildPhases = (
				C55BC22B2654D46000674275 /* Sources */,
				C55BC22C2654D46000674275 /* Frameworks */,
				C55BC22D2654D46000674275 /* CopyFiles */,
			);
			buildRules = (
			);
			dependencies = (
			);
			name = hunch;
			packageProductDependencies = (
				C55BC23A2654D4F500674275 /* ArgumentParser */,
				C5F8C9E52C0FA5EB004F2B68 /* SwiftToolbox */,
			);
			productName = hunch;
			productReference = C55BC22F2654D46000674275 /* hunch */;
			productType = "com.apple.product-type.tool";
		};
/* End PBXNativeTarget section */

/* Begin PBXProject section */
		C55BC2272654D46000674275 /* Project object */ = {
			isa = PBXProject;
			attributes = {
				BuildIndependentTargetsInParallel = YES;
				LastSwiftUpdateCheck = 1250;
				LastUpgradeCheck = 1530;
				TargetAttributes = {
					C55BC22E2654D46000674275 = {
						CreatedOnToolsVersion = 12.5;
					};
				};
			};
			buildConfigurationList = C55BC22A2654D46000674275 /* Build configuration list for PBXProject "hunch" */;
			compatibilityVersion = "Xcode 9.3";
			developmentRegion = en;
			hasScannedForEncodings = 0;
			knownRegions = (
				en,
				Base,
			);
			mainGroup = C55BC2262654D46000674275;
			packageReferences = (
				C55BC2392654D4F500674275 /* XCRemoteSwiftPackageReference "swift-argument-parser" */,
				C5F8C9E42C0FA5EB004F2B68 /* XCRemoteSwiftPackageReference "SwiftToolbox" */,
			);
			productRefGroup = C55BC2302654D46000674275 /* Products */;
			projectDirPath = "";
			projectRoot = "";
			targets = (
				C55BC22E2654D46000674275 /* hunch */,
			);
		};
/* End PBXProject section */

/* Begin PBXSourcesBuildPhase section */
		C55BC22B2654D46000674275 /* Sources */ = {
			isa = PBXSourcesBuildPhase;
			buildActionMask = 2147483647;
			files = (
				C5DAB59E2C291A34007BA0E8 /* Database.swift in Sources */,
				C55BC2482654E07300674275 /* URLSession+Extensions.swift in Sources */,
				C5DAB59A2C27E98C007BA0E8 /* Logging.swift in Sources */,
				C5DAB5A22C291C33007BA0E8 /* Blocks.swift in Sources */,
				C560BF732C856EC8000DA468 /* Hunch+Markdown.swift in Sources */,
				C55BC2332654D46000674275 /* Hunch.swift in Sources */,
				C5DAB5A02C291A39007BA0E8 /* Page.swift in Sources */,
				C55BC2442654DF6F00674275 /* Model.swift in Sources */,
				C55BC2462654DFE000674275 /* NotionAPI.swift in Sources */,
			);
			runOnlyForDeploymentPostprocessing = 0;
		};
/* End PBXSourcesBuildPhase section */

/* Begin XCBuildConfiguration section */
		C55BC2342654D46000674275 /* Debug */ = {
			isa = XCBuildConfiguration;
			buildSettings = {
				ALWAYS_SEARCH_USER_PATHS = NO;
				CLANG_ANALYZER_NONNULL = YES;
				CLANG_ANALYZER_NUMBER_OBJECT_CONVERSION = YES_AGGRESSIVE;
				CLANG_CXX_LANGUAGE_STANDARD = "gnu++14";
				CLANG_CXX_LIBRARY = "libc++";
				CLANG_ENABLE_MODULES = YES;
				CLANG_ENABLE_OBJC_ARC = YES;
				CLANG_ENABLE_OBJC_WEAK = YES;
				CLANG_WARN_BLOCK_CAPTURE_AUTORELEASING = YES;
				CLANG_WARN_BOOL_CONVERSION = YES;
				CLANG_WARN_COMMA = YES;
				CLANG_WARN_CONSTANT_CONVERSION = YES;
				CLANG_WARN_DEPRECATED_OBJC_IMPLEMENTATIONS = YES;
				CLANG_WARN_DIRECT_OBJC_ISA_USAGE = YES_ERROR;
				CLANG_WARN_DOCUMENTATION_COMMENTS = YES;
				CLANG_WARN_EMPTY_BODY = YES;
				CLANG_WARN_ENUM_CONVERSION = YES;
				CLANG_WARN_INFINITE_RECURSION = YES;
				CLANG_WARN_INT_CONVERSION = YES;
				CLANG_WARN_NON_LITERAL_NULL_CONVERSION = YES;
				CLANG_WARN_OBJC_IMPLICIT_RETAIN_SELF = YES;
				CLANG_WARN_OBJC_LITERAL_CONVERSION = YES;
				CLANG_WARN_OBJC_ROOT_CLASS = YES_ERROR;
				CLANG_WARN_QUOTED_INCLUDE_IN_FRAMEWORK_HEADER = YES;
				CLANG_WARN_RANGE_LOOP_ANALYSIS = YES;
				CLANG_WARN_STRICT_PROTOTYPES = YES;
				CLANG_WARN_SUSPICIOUS_MOVE = YES;
				CLANG_WARN_UNGUARDED_AVAILABILITY = YES_AGGRESSIVE;
				CLANG_WARN_UNREACHABLE_CODE = YES;
				CLANG_WARN__DUPLICATE_METHOD_MATCH = YES;
				COPY_PHASE_STRIP = NO;
				DEAD_CODE_STRIPPING = YES;
				DEBUG_INFORMATION_FORMAT = dwarf;
				ENABLE_STRICT_OBJC_MSGSEND = YES;
				ENABLE_TESTABILITY = YES;
				ENABLE_USER_SCRIPT_SANDBOXING = YES;
				GCC_C_LANGUAGE_STANDARD = gnu11;
				GCC_DYNAMIC_NO_PIC = NO;
				GCC_NO_COMMON_BLOCKS = YES;
				GCC_OPTIMIZATION_LEVEL = 0;
				GCC_PREPROCESSOR_DEFINITIONS = (
					"DEBUG=1",
					"$(inherited)",
				);
				GCC_WARN_64_TO_32_BIT_CONVERSION = YES;
				GCC_WARN_ABOUT_RETURN_TYPE = YES_ERROR;
				GCC_WARN_UNDECLARED_SELECTOR = YES;
				GCC_WARN_UNINITIALIZED_AUTOS = YES_AGGRESSIVE;
				GCC_WARN_UNUSED_FUNCTION = YES;
				GCC_WARN_UNUSED_VARIABLE = YES;
				MACOSX_DEPLOYMENT_TARGET = 11.3;
				MTL_ENABLE_DEBUG_INFO = INCLUDE_SOURCE;
				MTL_FAST_MATH = YES;
				ONLY_ACTIVE_ARCH = YES;
				SDKROOT = macosx;
				SWIFT_ACTIVE_COMPILATION_CONDITIONS = DEBUG;
				SWIFT_OPTIMIZATION_LEVEL = "-Onone";
			};
			name = Debug;
		};
		C55BC2352654D46000674275 /* Release */ = {
			isa = XCBuildConfiguration;
			buildSettings = {
				ALWAYS_SEARCH_USER_PATHS = NO;
				CLANG_ANALYZER_NONNULL = YES;
				CLANG_ANALYZER_NUMBER_OBJECT_CONVERSION = YES_AGGRESSIVE;
				CLANG_CXX_LANGUAGE_STANDARD = "gnu++14";
				CLANG_CXX_LIBRARY = "libc++";
				CLANG_ENABLE_MODULES = YES;
				CLANG_ENABLE_OBJC_ARC = YES;
				CLANG_ENABLE_OBJC_WEAK = YES;
				CLANG_WARN_BLOCK_CAPTURE_AUTORELEASING = YES;
				CLANG_WARN_BOOL_CONVERSION = YES;
				CLANG_WARN_COMMA = YES;
				CLANG_WARN_CONSTANT_CONVERSION = YES;
				CLANG_WARN_DEPRECATED_OBJC_IMPLEMENTATIONS = YES;
				CLANG_WARN_DIRECT_OBJC_ISA_USAGE = YES_ERROR;
				CLANG_WARN_DOCUMENTATION_COMMENTS = YES;
				CLANG_WARN_EMPTY_BODY = YES;
				CLANG_WARN_ENUM_CONVERSION = YES;
				CLANG_WARN_INFINITE_RECURSION = YES;
				CLANG_WARN_INT_CONVERSION = YES;
				CLANG_WARN_NON_LITERAL_NULL_CONVERSION = YES;
				CLANG_WARN_OBJC_IMPLICIT_RETAIN_SELF = YES;
				CLANG_WARN_OBJC_LITERAL_CONVERSION = YES;
				CLANG_WARN_OBJC_ROOT_CLASS = YES_ERROR;
				CLANG_WARN_QUOTED_INCLUDE_IN_FRAMEWORK_HEADER = YES;
				CLANG_WARN_RANGE_LOOP_ANALYSIS = YES;
				CLANG_WARN_STRICT_PROTOTYPES = YES;
				CLANG_WARN_SUSPICIOUS_MOVE = YES;
				CLANG_WARN_UNGUARDED_AVAILABILITY = YES_AGGRESSIVE;
				CLANG_WARN_UNREACHABLE_CODE = YES;
				CLANG_WARN__DUPLICATE_METHOD_MATCH = YES;
				COPY_PHASE_STRIP = NO;
				DEAD_CODE_STRIPPING = YES;
				DEBUG_INFORMATION_FORMAT = "dwarf-with-dsym";
				ENABLE_NS_ASSERTIONS = NO;
				ENABLE_STRICT_OBJC_MSGSEND = YES;
				ENABLE_USER_SCRIPT_SANDBOXING = YES;
				GCC_C_LANGUAGE_STANDARD = gnu11;
				GCC_NO_COMMON_BLOCKS = YES;
				GCC_WARN_64_TO_32_BIT_CONVERSION = YES;
				GCC_WARN_ABOUT_RETURN_TYPE = YES_ERROR;
				GCC_WARN_UNDECLARED_SELECTOR = YES;
				GCC_WARN_UNINITIALIZED_AUTOS = YES_AGGRESSIVE;
				GCC_WARN_UNUSED_FUNCTION = YES;
				GCC_WARN_UNUSED_VARIABLE = YES;
				MACOSX_DEPLOYMENT_TARGET = 11.3;
				MTL_ENABLE_DEBUG_INFO = NO;
				MTL_FAST_MATH = YES;
				SDKROOT = macosx;
				SWIFT_COMPILATION_MODE = wholemodule;
				SWIFT_OPTIMIZATION_LEVEL = "-O";
			};
			name = Release;
		};
		C55BC2372654D46000674275 /* Debug */ = {
			isa = XCBuildConfiguration;
			buildSettings = {
				CODE_SIGN_STYLE = Automatic;
				DEAD_CODE_STRIPPING = YES;
				DEVELOPMENT_TEAM = W622AK4AJ4;
				ENABLE_HARDENED_RUNTIME = YES;
				PRODUCT_NAME = "$(TARGET_NAME)";
				SWIFT_VERSION = 5.0;
			};
			name = Debug;
		};
		C55BC2382654D46000674275 /* Release */ = {
			isa = XCBuildConfiguration;
			buildSettings = {
				CODE_SIGN_STYLE = Automatic;
				DEAD_CODE_STRIPPING = YES;
				DEVELOPMENT_TEAM = W622AK4AJ4;
				ENABLE_HARDENED_RUNTIME = YES;
				PRODUCT_NAME = "$(TARGET_NAME)";
				SWIFT_VERSION = 5.0;
			};
			name = Release;
		};
/* End XCBuildConfiguration section */

/* Begin XCConfigurationList section */
		C55BC22A2654D46000674275 /* Build configuration list for PBXProject "hunch" */ = {
			isa = XCConfigurationList;
			buildConfigurations = (
				C55BC2342654D46000674275 /* Debug */,
				C55BC2352654D46000674275 /* Release */,
			);
			defaultConfigurationIsVisible = 0;
			defaultConfigurationName = Release;
		};
		C55BC2362654D46000674275 /* Build configuration list for PBXNativeTarget "hunch" */ = {
			isa = XCConfigurationList;
			buildConfigurations = (
				C55BC2372654D46000674275 /* Debug */,
				C55BC2382654D46000674275 /* Release */,
			);
			defaultConfigurationIsVisible = 0;
			defaultConfigurationName = Release;
		};
/* End XCConfigurationList section */

/* Begin XCRemoteSwiftPackageReference section */
		C55BC2392654D4F500674275 /* XCRemoteSwiftPackageReference "swift-argument-parser" */ = {
			isa = XCRemoteSwiftPackageReference;
			repositoryURL = "https://github.com/apple/swift-argument-parser.git";
			requirement = {
				kind = upToNextMajorVersion;
				minimumVersion = 1.0.0;
			};
		};
		C5F8C9E42C0FA5EB004F2B68 /* XCRemoteSwiftPackageReference "SwiftToolbox" */ = {
			isa = XCRemoteSwiftPackageReference;
			repositoryURL = "https://github.com/adamwulf/SwiftToolbox";
			requirement = {
				branch = main;
				kind = branch;
			};
		};
/* End XCRemoteSwiftPackageReference section */

/* Begin XCSwiftPackageProductDependency section */
		C55BC23A2654D4F500674275 /* ArgumentParser */ = {
			isa = XCSwiftPackageProductDependency;
			package = C55BC2392654D4F500674275 /* XCRemoteSwiftPackageReference "swift-argument-parser" */;
			productName = ArgumentParser;
		};
		C5F8C9E52C0FA5EB004F2B68 /* SwiftToolbox */ = {
			isa = XCSwiftPackageProductDependency;
			package = C5F8C9E42C0FA5EB004F2B68 /* XCRemoteSwiftPackageReference "SwiftToolbox" */;
			productName = SwiftToolbox;
		};
/* End XCSwiftPackageProductDependency section */
	};
	rootObject = C55BC2272654D46000674275 /* Project object */;
}
