// !$*UTF8*$!
{
	archiveVersion = 1;
	classes = {
	};
	objectVersion = 54;
	objects = {

/* Begin PBXBuildFile section */
		C55BC2332654D46000674275 /* Hunch.swift in Sources */ = {isa = PBXBuildFile; fileRef = C55BC2322654D46000674275 /* Hunch.swift */; };
		C55BC23B2654D4F500674275 /* ArgumentParser in Frameworks */ = {isa = PBXBuildFile; productRef = C55BC23A2654D4F500674275 /* ArgumentParser */; };
		C55BC2442654DF6F00674275 /* Property.swift in Sources */ = {isa = PBXBuildFile; fileRef = C55BC2432654DF6F00674275 /* Property.swift */; };
		C55BC2462654DFE000674275 /* NotionAPI.swift in Sources */ = {isa = PBXBuildFile; fileRef = C55BC2452654DFE000674275 /* NotionAPI.swift */; };
		C55BC2482654E07300674275 /* URLSession+Extensions.swift in Sources */ = {isa = PBXBuildFile; fileRef = C55BC2472654E07300674275 /* URLSession+Extensions.swift */; };
		C560BF732C856EC8000DA468 /* MarkdownRenderer.swift in Sources */ = {isa = PBXBuildFile; fileRef = C560BF722C856EC8000DA468 /* MarkdownRenderer.swift */; };
		C5B3AFAD2CE328020096350E /* BlockList.swift in Sources */ = {isa = PBXBuildFile; fileRef = C5B3AFAC2CE327FF0096350E /* BlockList.swift */; };
		C5B3AFAF2CE328120096350E /* DatabaseList.swift in Sources */ = {isa = PBXBuildFile; fileRef = C5B3AFAE2CE3280F0096350E /* DatabaseList.swift */; };
		C5B3AFB12CE328170096350E /* PageList.swift in Sources */ = {isa = PBXBuildFile; fileRef = C5B3AFB02CE328160096350E /* PageList.swift */; };
		C5B3AFB42CE328640096350E /* NotionItem.swift in Sources */ = {isa = PBXBuildFile; fileRef = C5B3AFB32CE328640096350E /* NotionItem.swift */; };
		C5B3AFB62CE3287B0096350E /* Page.swift in Sources */ = {isa = PBXBuildFile; fileRef = C5B3AFB52CE3287B0096350E /* Page.swift */; };
		C5B3AFB82CE328B00096350E /* Database.swift in Sources */ = {isa = PBXBuildFile; fileRef = C5B3AFB72CE328B00096350E /* Database.swift */; };
		C5B3AFBA2CE328D70096350E /* Block.swift in Sources */ = {isa = PBXBuildFile; fileRef = C5B3AFB92CE328D70096350E /* Block.swift */; };
		C5B3AFBC2CE329BB0096350E /* Parent.swift in Sources */ = {isa = PBXBuildFile; fileRef = C5B3AFBB2CE329BA0096350E /* Parent.swift */; };
		C5B3AFBE2CE32A080096350E /* Icon.swift in Sources */ = {isa = PBXBuildFile; fileRef = C5B3AFBD2CE32A080096350E /* Icon.swift */; };
		C5B3AFC02CE32A410096350E /* User.swift in Sources */ = {isa = PBXBuildFile; fileRef = C5B3AFBF2CE32A400096350E /* User.swift */; };
		C5B3AFC22CE32A720096350E /* Color.swift in Sources */ = {isa = PBXBuildFile; fileRef = C5B3AFC12CE32A720096350E /* Color.swift */; };
		C5B3AFC42CE32AB00096350E /* RichText.swift in Sources */ = {isa = PBXBuildFile; fileRef = C5B3AFC32CE32AB00096350E /* RichText.swift */; };
		C5B3AFC62CE32BF70096350E /* HunchAPI.swift in Sources */ = {isa = PBXBuildFile; fileRef = C5B3AFC52CE32BF40096350E /* HunchAPI.swift */; };
		C5DAB59A2C27E98C007BA0E8 /* Logging.swift in Sources */ = {isa = PBXBuildFile; fileRef = C5DAB5992C27E98C007BA0E8 /* Logging.swift */; };
		C5DAB59E2C291A34007BA0E8 /* DatabaseCommand.swift in Sources */ = {isa = PBXBuildFile; fileRef = C5DAB59D2C291A34007BA0E8 /* DatabaseCommand.swift */; };
		C5DAB5A02C291A39007BA0E8 /* PageCommand.swift in Sources */ = {isa = PBXBuildFile; fileRef = C5DAB59F2C291A39007BA0E8 /* PageCommand.swift */; };
		C5DAB5A22C291C33007BA0E8 /* BlocksCommand.swift in Sources */ = {isa = PBXBuildFile; fileRef = C5DAB5A12C291C33007BA0E8 /* BlocksCommand.swift */; };
		C5F8C9E62C0FA5EB004F2B68 /* SwiftToolbox in Frameworks */ = {isa = PBXBuildFile; productRef = C5F8C9E52C0FA5EB004F2B68 /* SwiftToolbox */; };
/* End PBXBuildFile section */

/* Begin PBXCopyFilesBuildPhase section */
		C55BC22D2654D46000674275 /* CopyFiles */ = {
			isa = PBXCopyFilesBuildPhase;
			buildActionMask = 2147483647;
			dstPath = /usr/share/man/man1/;
			dstSubfolderSpec = 0;
			files = (
			);
			runOnlyForDeploymentPostprocessing = 1;
		};
/* End PBXCopyFilesBuildPhase section */

/* Begin PBXFileReference section */
		C55BC22F2654D46000674275 /* hunch */ = {isa = PBXFileReference; explicitFileType = "compiled.mach-o.executable"; includeInIndex = 0; path = hunch; sourceTree = BUILT_PRODUCTS_DIR; };
		C55BC2322654D46000674275 /* Hunch.swift */ = {isa = PBXFileReference; lastKnownFileType = sourcecode.swift; path = Hunch.swift; sourceTree = "<group>"; };
		C55BC2432654DF6F00674275 /* Property.swift */ = {isa = PBXFileReference; lastKnownFileType = sourcecode.swift; path = Property.swift; sourceTree = "<group>"; };
		C55BC2452654DFE000674275 /* NotionAPI.swift */ = {isa = PBXFileReference; lastKnownFileType = sourcecode.swift; path = NotionAPI.swift; sourceTree = "<group>"; };
		C55BC2472654E07300674275 /* URLSession+Extensions.swift */ = {isa = PBXFileReference; lastKnownFileType = sourcecode.swift; path = "URLSession+Extensions.swift"; sourceTree = "<group>"; };
		C560BF722C856EC8000DA468 /* MarkdownRenderer.swift */ = {isa = PBXFileReference; lastKnownFileType = sourcecode.swift; path = MarkdownRenderer.swift; sourceTree = "<group>"; };
		C5B3AFAC2CE327FF0096350E /* BlockList.swift */ = {isa = PBXFileReference; lastKnownFileType = sourcecode.swift; path = BlockList.swift; sourceTree = "<group>"; };
		C5B3AFAE2CE3280F0096350E /* DatabaseList.swift */ = {isa = PBXFileReference; lastKnownFileType = sourcecode.swift; path = DatabaseList.swift; sourceTree = "<group>"; };
		C5B3AFB02CE328160096350E /* PageList.swift */ = {isa = PBXFileReference; lastKnownFileType = sourcecode.swift; path = PageList.swift; sourceTree = "<group>"; };
		C5B3AFB32CE328640096350E /* NotionItem.swift */ = {isa = PBXFileReference; lastKnownFileType = sourcecode.swift; path = NotionItem.swift; sourceTree = "<group>"; };
		C5B3AFB52CE3287B0096350E /* Page.swift */ = {isa = PBXFileReference; lastKnownFileType = sourcecode.swift; path = Page.swift; sourceTree = "<group>"; };
		C5B3AFB72CE328B00096350E /* Database.swift */ = {isa = PBXFileReference; lastKnownFileType = sourcecode.swift; path = Database.swift; sourceTree = "<group>"; };
		C5B3AFB92CE328D70096350E /* Block.swift */ = {isa = PBXFileReference; lastKnownFileType = sourcecode.swift; path = Block.swift; sourceTree = "<group>"; };
		C5B3AFBB2CE329BA0096350E /* Parent.swift */ = {isa = PBXFileReference; lastKnownFileType = sourcecode.swift; path = Parent.swift; sourceTree = "<group>"; };
		C5B3AFBD2CE32A080096350E /* Icon.swift */ = {isa = PBXFileReference; lastKnownFileType = sourcecode.swift; path = Icon.swift; sourceTree = "<group>"; };
		C5B3AFBF2CE32A400096350E /* User.swift */ = {isa = PBXFileReference; lastKnownFileType = sourcecode.swift; path = User.swift; sourceTree = "<group>"; };
		C5B3AFC12CE32A720096350E /* Color.swift */ = {isa = PBXFileReference; lastKnownFileType = sourcecode.swift; path = Color.swift; sourceTree = "<group>"; };
		C5B3AFC32CE32AB00096350E /* RichText.swift */ = {isa = PBXFileReference; lastKnownFileType = sourcecode.swift; path = RichText.swift; sourceTree = "<group>"; };
		C5B3AFC52CE32BF40096350E /* HunchAPI.swift */ = {isa = PBXFileReference; lastKnownFileType = sourcecode.swift; path = HunchAPI.swift; sourceTree = "<group>"; };
		C5DAB5992C27E98C007BA0E8 /* Logging.swift */ = {isa = PBXFileReference; lastKnownFileType = sourcecode.swift; path = Logging.swift; sourceTree = "<group>"; };
		C5DAB59B2C291A1A007BA0E8 /* dothislater.txt */ = {isa = PBXFileReference; lastKnownFileType = text; path = dothislater.txt; sourceTree = "<group>"; };
		C5DAB59D2C291A34007BA0E8 /* DatabaseCommand.swift */ = {isa = PBXFileReference; lastKnownFileType = sourcecode.swift; path = DatabaseCommand.swift; sourceTree = "<group>"; };
		C5DAB59F2C291A39007BA0E8 /* PageCommand.swift */ = {isa = PBXFileReference; lastKnownFileType = sourcecode.swift; path = PageCommand.swift; sourceTree = "<group>"; };
		C5DAB5A12C291C33007BA0E8 /* BlocksCommand.swift */ = {isa = PBXFileReference; lastKnownFileType = sourcecode.swift; path = BlocksCommand.swift; sourceTree = "<group>"; };
		C5F8C9EA2C0FBD18004F2B68 /* Icon.png */ = {isa = PBXFileReference; lastKnownFileType = image.png; path = Icon.png; sourceTree = "<group>"; };
/* End PBXFileReference section */

/* Begin PBXFrameworksBuildPhase section */
		C55BC22C2654D46000674275 /* Frameworks */ = {
			isa = PBXFrameworksBuildPhase;
			buildActionMask = 2147483647;
			files = (
				C5F8C9E62C0FA5EB004F2B68 /* SwiftToolbox in Frameworks */,
				C55BC23B2654D4F500674275 /* ArgumentParser in Frameworks */,
			);
			runOnlyForDeploymentPostprocessing = 0;
		};
/* End PBXFrameworksBuildPhase section */

/* Begin PBXGroup section */
		C55BC2262654D46000674275 = {
			isa = PBXGroup;
			children = (
				C55BC2312654D46000674275 /* hunch */,
				C55BC2302654D46000674275 /* Products */,
			);
			sourceTree = "<group>";
		};
		C55BC2302654D46000674275 /* Products */ = {
			isa = PBXGroup;
			children = (
				C55BC22F2654D46000674275 /* hunch */,
			);
			name = Products;
			sourceTree = "<group>";
		};
		C55BC2312654D46000674275 /* hunch */ = {
			isa = PBXGroup;
			children = (
				C5F8C9EA2C0FBD18004F2B68 /* Icon.png */,
				C5DAB59B2C291A1A007BA0E8 /* dothislater.txt */,
				C55BC2322654D46000674275 /* Hunch.swift */,
				C5B3AFA92CE324CF0096350E /* APIs */,
				C5DAB59C2C291A27007BA0E8 /* Commands */,
				C5B3AFAA2CE324E50096350E /* Helpers */,
				C5B3AFAB2CE325370096350E /* Lists */,
				C5B3AFB22CE3284E0096350E /* NotionItems */,
			);
			path = hunch;
			sourceTree = "<group>";
		};
		C5B3AFA92CE324CF0096350E /* APIs */ = {
			isa = PBXGroup;
			children = (
				C55BC2452654DFE000674275 /* NotionAPI.swift */,
				C5B3AFC52CE32BF40096350E /* HunchAPI.swift */,
			);
			path = APIs;
			sourceTree = "<group>";
		};
		C5B3AFAA2CE324E50096350E /* Helpers */ = {
			isa = PBXGroup;
			children = (
				C5DAB5992C27E98C007BA0E8 /* Logging.swift */,
				C560BF722C856EC8000DA468 /* MarkdownRenderer.swift */,
				C55BC2472654E07300674275 /* URLSession+Extensions.swift */,
			);
			path = Helpers;
			sourceTree = "<group>";
		};
		C5B3AFAB2CE325370096350E /* Lists */ = {
			isa = PBXGroup;
			children = (
				C5B3AFAC2CE327FF0096350E /* BlockList.swift */,
				C5B3AFAE2CE3280F0096350E /* DatabaseList.swift */,
				C5B3AFB02CE328160096350E /* PageList.swift */,
			);
			path = Lists;
			sourceTree = "<group>";
		};
		C5B3AFB22CE3284E0096350E /* NotionItems */ = {
			isa = PBXGroup;
			children = (
				C5B3AFB92CE328D70096350E /* Block.swift */,
				C5B3AFC12CE32A720096350E /* Color.swift */,
				C5B3AFB72CE328B00096350E /* Database.swift */,
				C5B3AFBD2CE32A080096350E /* Icon.swift */,
				C5B3AFB32CE328640096350E /* NotionItem.swift */,
				C5B3AFB52CE3287B0096350E /* Page.swift */,
				C5B3AFBB2CE329BA0096350E /* Parent.swift */,
				C55BC2432654DF6F00674275 /* Property.swift */,
				C5B3AFC32CE32AB00096350E /* RichText.swift */,
				C5B3AFBF2CE32A400096350E /* User.swift */,
			);
			path = NotionItems;
			sourceTree = "<group>";
		};
		C5DAB59C2C291A27007BA0E8 /* Commands */ = {
			isa = PBXGroup;
			children = (
				C5DAB5A12C291C33007BA0E8 /* BlocksCommand.swift */,
				C5DAB59D2C291A34007BA0E8 /* DatabaseCommand.swift */,
				C5DAB59F2C291A39007BA0E8 /* PageCommand.swift */,
			);
			path = Commands;
			sourceTree = "<group>";
		};
/* End PBXGroup section */

/* Begin PBXNativeTarget section */
		C55BC22E2654D46000674275 /* hunch */ = {
			isa = PBXNativeTarget;
			buildConfigurationList = C55BC2362654D46000674275 /* Build configuration list for PBXNativeTarget "hunch" */;
			buildPhases = (
				C55BC22B2654D46000674275 /* Sources */,
				C55BC22C2654D46000674275 /* Frameworks */,
				C55BC22D2654D46000674275 /* CopyFiles */,
			);
			buildRules = (
			);
			dependencies = (
			);
			name = hunch;
			packageProductDependencies = (
				C55BC23A2654D4F500674275 /* ArgumentParser */,
				C5F8C9E52C0FA5EB004F2B68 /* SwiftToolbox */,
			);
			productName = hunch;
			productReference = C55BC22F2654D46000674275 /* hunch */;
			productType = "com.apple.product-type.tool";
		};
/* End PBXNativeTarget section */

/* Begin PBXProject section */
		C55BC2272654D46000674275 /* Project object */ = {
			isa = PBXProject;
			attributes = {
				BuildIndependentTargetsInParallel = YES;
				LastSwiftUpdateCheck = 1250;
				LastUpgradeCheck = 1530;
				TargetAttributes = {
					C55BC22E2654D46000674275 = {
						CreatedOnToolsVersion = 12.5;
					};
				};
			};
			buildConfigurationList = C55BC22A2654D46000674275 /* Build configuration list for PBXProject "hunch" */;
			compatibilityVersion = "Xcode 9.3";
			developmentRegion = en;
			hasScannedForEncodings = 0;
			knownRegions = (
				en,
				Base,
			);
			mainGroup = C55BC2262654D46000674275;
			packageReferences = (
				C55BC2392654D4F500674275 /* XCRemoteSwiftPackageReference "swift-argument-parser" */,
				C5F8C9E42C0FA5EB004F2B68 /* XCRemoteSwiftPackageReference "SwiftToolbox" */,
			);
			productRefGroup = C55BC2302654D46000674275 /* Products */;
			projectDirPath = "";
			projectRoot = "";
			targets = (
				C55BC22E2654D46000674275 /* hunch */,
			);
		};
/* End PBXProject section */

/* Begin PBXSourcesBuildPhase section */
		C55BC22B2654D46000674275 /* Sources */ = {
			isa = PBXSourcesBuildPhase;
			buildActionMask = 2147483647;
			files = (
				C5DAB59E2C291A34007BA0E8 /* DatabaseCommand.swift in Sources */,
				C5B3AFBA2CE328D70096350E /* Block.swift in Sources */,
				C55BC2482654E07300674275 /* URLSession+Extensions.swift in Sources */,
				C5B3AFC42CE32AB00096350E /* RichText.swift in Sources */,
				C5DAB59A2C27E98C007BA0E8 /* Logging.swift in Sources */,
				C5B3AFB82CE328B00096350E /* Database.swift in Sources */,
				C5DAB5A22C291C33007BA0E8 /* BlocksCommand.swift in Sources */,
				C5B3AFC62CE32BF70096350E /* HunchAPI.swift in Sources */,
				C5B3AFB62CE3287B0096350E /* Page.swift in Sources */,
				C560BF732C856EC8000DA468 /* MarkdownRenderer.swift in Sources */,
				C5B3AFAF2CE328120096350E /* DatabaseList.swift in Sources */,
				C55BC2332654D46000674275 /* Hunch.swift in Sources */,
				C5B3AFBC2CE329BB0096350E /* Parent.swift in Sources */,
				C5DAB5A02C291A39007BA0E8 /* PageCommand.swift in Sources */,
				C5B3AFBE2CE32A080096350E /* Icon.swift in Sources */,
				C5B3AFC22CE32A720096350E /* Color.swift in Sources */,
				C55BC2442654DF6F00674275 /* Property.swift in Sources */,
				C55BC2462654DFE000674275 /* NotionAPI.swift in Sources */,
				C5B3AFB42CE328640096350E /* NotionItem.swift in Sources */,
				C5B3AFB12CE328170096350E /* PageList.swift in Sources */,
				C5B3AFAD2CE328020096350E /* BlockList.swift in Sources */,
				C5B3AFC02CE32A410096350E /* User.swift in Sources */,
			);
			runOnlyForDeploymentPostprocessing = 0;
		};
/* End PBXSourcesBuildPhase section */

/* Begin XCBuildConfiguration section */
		C55BC2342654D46000674275 /* Debug */ = {
			isa = XCBuildConfiguration;
			buildSettings = {
				ALWAYS_SEARCH_USER_PATHS = NO;
				CLANG_ANALYZER_NONNULL = YES;
				CLANG_ANALYZER_NUMBER_OBJECT_CONVERSION = YES_AGGRESSIVE;
				CLANG_CXX_LANGUAGE_STANDARD = "gnu++14";
				CLANG_CXX_LIBRARY = "libc++";
				CLANG_ENABLE_MODULES = YES;
				CLANG_ENABLE_OBJC_ARC = YES;
				CLANG_ENABLE_OBJC_WEAK = YES;
				CLANG_WARN_BLOCK_CAPTURE_AUTORELEASING = YES;
				CLANG_WARN_BOOL_CONVERSION = YES;
				CLANG_WARN_COMMA = YES;
				CLANG_WARN_CONSTANT_CONVERSION = YES;
				CLANG_WARN_DEPRECATED_OBJC_IMPLEMENTATIONS = YES;
				CLANG_WARN_DIRECT_OBJC_ISA_USAGE = YES_ERROR;
				CLANG_WARN_DOCUMENTATION_COMMENTS = YES;
				CLANG_WARN_EMPTY_BODY = YES;
				CLANG_WARN_ENUM_CONVERSION = YES;
				CLANG_WARN_INFINITE_RECURSION = YES;
				CLANG_WARN_INT_CONVERSION = YES;
				CLANG_WARN_NON_LITERAL_NULL_CONVERSION = YES;
				CLANG_WARN_OBJC_IMPLICIT_RETAIN_SELF = YES;
				CLANG_WARN_OBJC_LITERAL_CONVERSION = YES;
				CLANG_WARN_OBJC_ROOT_CLASS = YES_ERROR;
				CLANG_WARN_QUOTED_INCLUDE_IN_FRAMEWORK_HEADER = YES;
				CLANG_WARN_RANGE_LOOP_ANALYSIS = YES;
				CLANG_WARN_STRICT_PROTOTYPES = YES;
				CLANG_WARN_SUSPICIOUS_MOVE = YES;
				CLANG_WARN_UNGUARDED_AVAILABILITY = YES_AGGRESSIVE;
				CLANG_WARN_UNREACHABLE_CODE = YES;
				CLANG_WARN__DUPLICATE_METHOD_MATCH = YES;
				COPY_PHASE_STRIP = NO;
				DEAD_CODE_STRIPPING = YES;
				DEBUG_INFORMATION_FORMAT = dwarf;
				ENABLE_STRICT_OBJC_MSGSEND = YES;
				ENABLE_TESTABILITY = YES;
				ENABLE_USER_SCRIPT_SANDBOXING = YES;
				GCC_C_LANGUAGE_STANDARD = gnu11;
				GCC_DYNAMIC_NO_PIC = NO;
				GCC_NO_COMMON_BLOCKS = YES;
				GCC_OPTIMIZATION_LEVEL = 0;
				GCC_PREPROCESSOR_DEFINITIONS = (
					"DEBUG=1",
					"$(inherited)",
				);
				GCC_WARN_64_TO_32_BIT_CONVERSION = YES;
				GCC_WARN_ABOUT_RETURN_TYPE = YES_ERROR;
				GCC_WARN_UNDECLARED_SELECTOR = YES;
				GCC_WARN_UNINITIALIZED_AUTOS = YES_AGGRESSIVE;
				GCC_WARN_UNUSED_FUNCTION = YES;
				GCC_WARN_UNUSED_VARIABLE = YES;
				MACOSX_DEPLOYMENT_TARGET = 11.3;
				MTL_ENABLE_DEBUG_INFO = INCLUDE_SOURCE;
				MTL_FAST_MATH = YES;
				ONLY_ACTIVE_ARCH = YES;
				SDKROOT = macosx;
				SWIFT_ACTIVE_COMPILATION_CONDITIONS = DEBUG;
				SWIFT_OPTIMIZATION_LEVEL = "-Onone";
			};
			name = Debug;
		};
		C55BC2352654D46000674275 /* Release */ = {
			isa = XCBuildConfiguration;
			buildSettings = {
				ALWAYS_SEARCH_USER_PATHS = NO;
				CLANG_ANALYZER_NONNULL = YES;
				CLANG_ANALYZER_NUMBER_OBJECT_CONVERSION = YES_AGGRESSIVE;
				CLANG_CXX_LANGUAGE_STANDARD = "gnu++14";
				CLANG_CXX_LIBRARY = "libc++";
				CLANG_ENABLE_MODULES = YES;
				CLANG_ENABLE_OBJC_ARC = YES;
				CLANG_ENABLE_OBJC_WEAK = YES;
				CLANG_WARN_BLOCK_CAPTURE_AUTORELEASING = YES;
				CLANG_WARN_BOOL_CONVERSION = YES;
				CLANG_WARN_COMMA = YES;
				CLANG_WARN_CONSTANT_CONVERSION = YES;
				CLANG_WARN_DEPRECATED_OBJC_IMPLEMENTATIONS = YES;
				CLANG_WARN_DIRECT_OBJC_ISA_USAGE = YES_ERROR;
				CLANG_WARN_DOCUMENTATION_COMMENTS = YES;
				CLANG_WARN_EMPTY_BODY = YES;
				CLANG_WARN_ENUM_CONVERSION = YES;
				CLANG_WARN_INFINITE_RECURSION = YES;
				CLANG_WARN_INT_CONVERSION = YES;
				CLANG_WARN_NON_LITERAL_NULL_CONVERSION = YES;
				CLANG_WARN_OBJC_IMPLICIT_RETAIN_SELF = YES;
				CLANG_WARN_OBJC_LITERAL_CONVERSION = YES;
				CLANG_WARN_OBJC_ROOT_CLASS = YES_ERROR;
				CLANG_WARN_QUOTED_INCLUDE_IN_FRAMEWORK_HEADER = YES;
				CLANG_WARN_RANGE_LOOP_ANALYSIS = YES;
				CLANG_WARN_STRICT_PROTOTYPES = YES;
				CLANG_WARN_SUSPICIOUS_MOVE = YES;
				CLANG_WARN_UNGUARDED_AVAILABILITY = YES_AGGRESSIVE;
				CLANG_WARN_UNREACHABLE_CODE = YES;
				CLANG_WARN__DUPLICATE_METHOD_MATCH = YES;
				COPY_PHASE_STRIP = NO;
				DEAD_CODE_STRIPPING = YES;
				DEBUG_INFORMATION_FORMAT = "dwarf-with-dsym";
				ENABLE_NS_ASSERTIONS = NO;
				ENABLE_STRICT_OBJC_MSGSEND = YES;
				ENABLE_USER_SCRIPT_SANDBOXING = YES;
				GCC_C_LANGUAGE_STANDARD = gnu11;
				GCC_NO_COMMON_BLOCKS = YES;
				GCC_WARN_64_TO_32_BIT_CONVERSION = YES;
				GCC_WARN_ABOUT_RETURN_TYPE = YES_ERROR;
				GCC_WARN_UNDECLARED_SELECTOR = YES;
				GCC_WARN_UNINITIALIZED_AUTOS = YES_AGGRESSIVE;
				GCC_WARN_UNUSED_FUNCTION = YES;
				GCC_WARN_UNUSED_VARIABLE = YES;
				MACOSX_DEPLOYMENT_TARGET = 11.3;
				MTL_ENABLE_DEBUG_INFO = NO;
				MTL_FAST_MATH = YES;
				SDKROOT = macosx;
				SWIFT_COMPILATION_MODE = wholemodule;
				SWIFT_OPTIMIZATION_LEVEL = "-O";
			};
			name = Release;
		};
		C55BC2372654D46000674275 /* Debug */ = {
			isa = XCBuildConfiguration;
			buildSettings = {
				CODE_SIGN_STYLE = Automatic;
				DEAD_CODE_STRIPPING = YES;
				DEVELOPMENT_TEAM = W622AK4AJ4;
				ENABLE_HARDENED_RUNTIME = YES;
				PRODUCT_NAME = "$(TARGET_NAME)";
				SWIFT_VERSION = 5.0;
			};
			name = Debug;
		};
		C55BC2382654D46000674275 /* Release */ = {
			isa = XCBuildConfiguration;
			buildSettings = {
				CODE_SIGN_STYLE = Automatic;
				DEAD_CODE_STRIPPING = YES;
				DEVELOPMENT_TEAM = W622AK4AJ4;
				ENABLE_HARDENED_RUNTIME = YES;
				PRODUCT_NAME = "$(TARGET_NAME)";
				SWIFT_VERSION = 5.0;
			};
			name = Release;
		};
/* End XCBuildConfiguration section */

/* Begin XCConfigurationList section */
		C55BC22A2654D46000674275 /* Build configuration list for PBXProject "hunch" */ = {
			isa = XCConfigurationList;
			buildConfigurations = (
				C55BC2342654D46000674275 /* Debug */,
				C55BC2352654D46000674275 /* Release */,
			);
			defaultConfigurationIsVisible = 0;
			defaultConfigurationName = Release;
		};
		C55BC2362654D46000674275 /* Build configuration list for PBXNativeTarget "hunch" */ = {
			isa = XCConfigurationList;
			buildConfigurations = (
				C55BC2372654D46000674275 /* Debug */,
				C55BC2382654D46000674275 /* Release */,
			);
			defaultConfigurationIsVisible = 0;
			defaultConfigurationName = Release;
		};
/* End XCConfigurationList section */

/* Begin XCRemoteSwiftPackageReference section */
		C55BC2392654D4F500674275 /* XCRemoteSwiftPackageReference "swift-argument-parser" */ = {
			isa = XCRemoteSwiftPackageReference;
			repositoryURL = "https://github.com/apple/swift-argument-parser.git";
			requirement = {
				kind = upToNextMajorVersion;
				minimumVersion = 1.0.0;
			};
		};
		C5F8C9E42C0FA5EB004F2B68 /* XCRemoteSwiftPackageReference "SwiftToolbox" */ = {
			isa = XCRemoteSwiftPackageReference;
			repositoryURL = "https://github.com/adamwulf/SwiftToolbox";
			requirement = {
				branch = main;
				kind = branch;
			};
		};
/* End XCRemoteSwiftPackageReference section */

/* Begin XCSwiftPackageProductDependency section */
		C55BC23A2654D4F500674275 /* ArgumentParser */ = {
			isa = XCSwiftPackageProductDependency;
			package = C55BC2392654D4F500674275 /* XCRemoteSwiftPackageReference "swift-argument-parser" */;
			productName = ArgumentParser;
		};
		C5F8C9E52C0FA5EB004F2B68 /* SwiftToolbox */ = {
			isa = XCSwiftPackageProductDependency;
			package = C5F8C9E42C0FA5EB004F2B68 /* XCRemoteSwiftPackageReference "SwiftToolbox" */;
			productName = SwiftToolbox;
		};
/* End XCSwiftPackageProductDependency section */
	};
	rootObject = C55BC2272654D46000674275 /* Project object */;
}
